
Microsoft Visual Studio Solution File, Format Version 12.00
# Visual Studio Version 17
VisualStudioVersion = 17.1.32328.378
MinimumVisualStudioVersion = 10.0.40219.1
Project("{FAE04EC0-301F-11D3-BF4B-00C04F79EFBC}") = "CSharp.LabExercise4", "CSharp.LabExercise4.csproj", "{AEFC6E8E-DE72-4230-AE9D-4EC40DFC4528}"
EndProject
Global
	GlobalSection(SolutionConfigurationPlatforms) = preSolution
		Debug|Any CPU = Debug|Any CPU
		Release|Any CPU = Release|Any CPU
	EndGlobalSection
	GlobalSection(ProjectConfigurationPlatforms) = postSolution
		{AEFC6E8E-DE72-4230-AE9D-4EC40DFC4528}.Debug|Any CPU.ActiveCfg = Debug|Any CPU
		{AEFC6E8E-DE72-4230-AE9D-4EC40DFC4528}.Debug|Any CPU.Build.0 = Debug|Any CPU
		{AEFC6E8E-DE72-4230-AE9D-4EC40DFC4528}.Release|Any CPU.ActiveCfg = Release|Any CPU
		{AEFC6E8E-DE72-4230-AE9D-4EC40DFC4528}.Release|Any CPU.Build.0 = Release|Any CPU
	EndGlobalSection
	GlobalSection(SolutionProperties) = preSolution
		HideSolutionNode = FALSE
	EndGlobalSection
	GlobalSection(ExtensibilityGlobals) = postSolution
		SolutionGuid = {D8343378-33B9-455A-965E-0EF1AFCF3937}
	EndGlobalSection
EndGlobal
